// !$*UTF8*$!
{
	archiveVersion = 1;
	classes = {
	};
	objectVersion = 48;
	objects = {

/* Begin PBXBuildFile section */
		8E0F66ED1F051D4B00B60D80 /* AppDelegate.swift in Sources */ = {isa = PBXBuildFile; fileRef = 8E0F66EC1F051D4B00B60D80 /* AppDelegate.swift */; };
		8E0F66F21F051D4B00B60D80 /* Main.storyboard in Resources */ = {isa = PBXBuildFile; fileRef = 8E0F66F01F051D4B00B60D80 /* Main.storyboard */; };
		8E0F66F41F051D4B00B60D80 /* Assets.xcassets in Resources */ = {isa = PBXBuildFile; fileRef = 8E0F66F31F051D4B00B60D80 /* Assets.xcassets */; };
		8E0F66F71F051D4B00B60D80 /* LaunchScreen.storyboard in Resources */ = {isa = PBXBuildFile; fileRef = 8E0F66F51F051D4B00B60D80 /* LaunchScreen.storyboard */; };
		8E0F67021F051D4C00B60D80 /* Coordinators_MVVM_Rx_ExampleTests.swift in Sources */ = {isa = PBXBuildFile; fileRef = 8E0F67011F051D4C00B60D80 /* Coordinators_MVVM_Rx_ExampleTests.swift */; };
		8E3DD8191F051F2E00170C36 /* AppCoordinator.swift in Sources */ = {isa = PBXBuildFile; fileRef = 8E3DD8181F051F2E00170C36 /* AppCoordinator.swift */; };
		8E3DD81C1F051F4800170C36 /* BaseCoordinator.swift in Sources */ = {isa = PBXBuildFile; fileRef = 8E3DD81B1F051F4800170C36 /* BaseCoordinator.swift */; };
		8E3DD81E1F05248100170C36 /* GithubService.swift in Sources */ = {isa = PBXBuildFile; fileRef = 8E3DD81D1F05248100170C36 /* GithubService.swift */; };
/* End PBXBuildFile section */

/* Begin PBXContainerItemProxy section */
		8E0F66FE1F051D4C00B60D80 /* PBXContainerItemProxy */ = {
			isa = PBXContainerItemProxy;
			containerPortal = 8E0F66E11F051D4B00B60D80 /* Project object */;
			proxyType = 1;
			remoteGlobalIDString = 8E0F66E81F051D4B00B60D80;
			remoteInfo = "Coordinators-MVVM-Rx Example";
		};
/* End PBXContainerItemProxy section */

/* Begin PBXFileReference section */
		8E0F66E91F051D4B00B60D80 /* Coordinators-MVVM-Rx Example.app */ = {isa = PBXFileReference; explicitFileType = wrapper.application; includeInIndex = 0; path = "Coordinators-MVVM-Rx Example.app"; sourceTree = BUILT_PRODUCTS_DIR; };
		8E0F66EC1F051D4B00B60D80 /* AppDelegate.swift */ = {isa = PBXFileReference; lastKnownFileType = sourcecode.swift; path = AppDelegate.swift; sourceTree = "<group>"; };
		8E0F66F11F051D4B00B60D80 /* Base */ = {isa = PBXFileReference; lastKnownFileType = file.storyboard; name = Base; path = Base.lproj/Main.storyboard; sourceTree = "<group>"; };
		8E0F66F31F051D4B00B60D80 /* Assets.xcassets */ = {isa = PBXFileReference; lastKnownFileType = folder.assetcatalog; path = Assets.xcassets; sourceTree = "<group>"; };
		8E0F66F61F051D4B00B60D80 /* Base */ = {isa = PBXFileReference; lastKnownFileType = file.storyboard; name = Base; path = Base.lproj/LaunchScreen.storyboard; sourceTree = "<group>"; };
		8E0F66F81F051D4B00B60D80 /* Info.plist */ = {isa = PBXFileReference; lastKnownFileType = text.plist.xml; path = Info.plist; sourceTree = "<group>"; };
		8E0F66FD1F051D4C00B60D80 /* Coordinators-MVVM-Rx ExampleTests.xctest */ = {isa = PBXFileReference; explicitFileType = wrapper.cfbundle; includeInIndex = 0; path = "Coordinators-MVVM-Rx ExampleTests.xctest"; sourceTree = BUILT_PRODUCTS_DIR; };
		8E0F67011F051D4C00B60D80 /* Coordinators_MVVM_Rx_ExampleTests.swift */ = {isa = PBXFileReference; lastKnownFileType = sourcecode.swift; path = Coordinators_MVVM_Rx_ExampleTests.swift; sourceTree = "<group>"; };
		8E0F67031F051D4C00B60D80 /* Info.plist */ = {isa = PBXFileReference; lastKnownFileType = text.plist.xml; path = Info.plist; sourceTree = "<group>"; };
		8E3DD8181F051F2E00170C36 /* AppCoordinator.swift */ = {isa = PBXFileReference; lastKnownFileType = sourcecode.swift; path = AppCoordinator.swift; sourceTree = "<group>"; };
		8E3DD81B1F051F4800170C36 /* BaseCoordinator.swift */ = {isa = PBXFileReference; lastKnownFileType = sourcecode.swift; path = BaseCoordinator.swift; sourceTree = "<group>"; };
		8E3DD81D1F05248100170C36 /* GithubService.swift */ = {isa = PBXFileReference; lastKnownFileType = sourcecode.swift; path = GithubService.swift; sourceTree = "<group>"; };
/* End PBXFileReference section */

/* Begin PBXFrameworksBuildPhase section */
		8E0F66E61F051D4B00B60D80 /* Frameworks */ = {
			isa = PBXFrameworksBuildPhase;
			buildActionMask = 2147483647;
			files = (
			);
			runOnlyForDeploymentPostprocessing = 0;
		};
		8E0F66FA1F051D4C00B60D80 /* Frameworks */ = {
			isa = PBXFrameworksBuildPhase;
			buildActionMask = 2147483647;
			files = (
			);
			runOnlyForDeploymentPostprocessing = 0;
		};
/* End PBXFrameworksBuildPhase section */

/* Begin PBXGroup section */
		8E0F66E01F051D4B00B60D80 = {
			isa = PBXGroup;
			children = (
				8E0F66EB1F051D4B00B60D80 /* Coordinators-MVVM-Rx Example */,
				8E0F67001F051D4C00B60D80 /* Coordinators-MVVM-Rx ExampleTests */,
				8E0F66EA1F051D4B00B60D80 /* Products */,
			);
			sourceTree = "<group>";
		};
		8E0F66EA1F051D4B00B60D80 /* Products */ = {
			isa = PBXGroup;
			children = (
				8E0F66E91F051D4B00B60D80 /* Coordinators-MVVM-Rx Example.app */,
				8E0F66FD1F051D4C00B60D80 /* Coordinators-MVVM-Rx ExampleTests.xctest */,
			);
			name = Products;
			sourceTree = "<group>";
		};
		8E0F66EB1F051D4B00B60D80 /* Coordinators-MVVM-Rx Example */ = {
			isa = PBXGroup;
			children = (
				8E3DD8171F051E4600170C36 /* App */,
				8E3DD81A1F051F3900170C36 /* Library */,
				8E3DD8151F051E1E00170C36 /* Networking */,
				8E3DD8141F051E1600170C36 /* Classes */,
				8E3DD8161F051E2F00170C36 /* Resources */,
			);
			path = "Coordinators-MVVM-Rx Example";
			sourceTree = "<group>";
		};
		8E0F67001F051D4C00B60D80 /* Coordinators-MVVM-Rx ExampleTests */ = {
			isa = PBXGroup;
			children = (
				8E0F67011F051D4C00B60D80 /* Coordinators_MVVM_Rx_ExampleTests.swift */,
				8E0F67031F051D4C00B60D80 /* Info.plist */,
			);
			path = "Coordinators-MVVM-Rx ExampleTests";
			sourceTree = "<group>";
		};
		8E3DD8141F051E1600170C36 /* Classes */ = {
			isa = PBXGroup;
			children = (
			);
			path = Classes;
			sourceTree = "<group>";
		};
		8E3DD8151F051E1E00170C36 /* Networking */ = {
			isa = PBXGroup;
			children = (
				8E3DD81D1F05248100170C36 /* GithubService.swift */,
			);
			path = Networking;
			sourceTree = "<group>";
		};
		8E3DD8161F051E2F00170C36 /* Resources */ = {
			isa = PBXGroup;
			children = (
				8E0F66F01F051D4B00B60D80 /* Main.storyboard */,
				8E0F66F31F051D4B00B60D80 /* Assets.xcassets */,
				8E0F66F51F051D4B00B60D80 /* LaunchScreen.storyboard */,
				8E0F66F81F051D4B00B60D80 /* Info.plist */,
			);
			path = Resources;
			sourceTree = "<group>";
		};
		8E3DD8171F051E4600170C36 /* App */ = {
			isa = PBXGroup;
			children = (
				8E0F66EC1F051D4B00B60D80 /* AppDelegate.swift */,
				8E3DD8181F051F2E00170C36 /* AppCoordinator.swift */,
			);
			path = App;
			sourceTree = "<group>";
		};
		8E3DD81A1F051F3900170C36 /* Library */ = {
			isa = PBXGroup;
			children = (
				8E3DD81B1F051F4800170C36 /* BaseCoordinator.swift */,
			);
			path = Library;
			sourceTree = "<group>";
		};
/* End PBXGroup section */

/* Begin PBXNativeTarget section */
		8E0F66E81F051D4B00B60D80 /* Coordinators-MVVM-Rx Example */ = {
			isa = PBXNativeTarget;
			buildConfigurationList = 8E0F67061F051D4C00B60D80 /* Build configuration list for PBXNativeTarget "Coordinators-MVVM-Rx Example" */;
			buildPhases = (
				8E0F66E51F051D4B00B60D80 /* Sources */,
				8E0F66E61F051D4B00B60D80 /* Frameworks */,
				8E0F66E71F051D4B00B60D80 /* Resources */,
			);
			buildRules = (
			);
			dependencies = (
			);
			name = "Coordinators-MVVM-Rx Example";
			productName = "Coordinators-MVVM-Rx Example";
			productReference = 8E0F66E91F051D4B00B60D80 /* Coordinators-MVVM-Rx Example.app */;
			productType = "com.apple.product-type.application";
		};
		8E0F66FC1F051D4C00B60D80 /* Coordinators-MVVM-Rx ExampleTests */ = {
			isa = PBXNativeTarget;
			buildConfigurationList = 8E0F67091F051D4C00B60D80 /* Build configuration list for PBXNativeTarget "Coordinators-MVVM-Rx ExampleTests" */;
			buildPhases = (
				8E0F66F91F051D4C00B60D80 /* Sources */,
				8E0F66FA1F051D4C00B60D80 /* Frameworks */,
				8E0F66FB1F051D4C00B60D80 /* Resources */,
			);
			buildRules = (
			);
			dependencies = (
				8E0F66FF1F051D4C00B60D80 /* PBXTargetDependency */,
			);
			name = "Coordinators-MVVM-Rx ExampleTests";
			productName = "Coordinators-MVVM-Rx ExampleTests";
			productReference = 8E0F66FD1F051D4C00B60D80 /* Coordinators-MVVM-Rx ExampleTests.xctest */;
			productType = "com.apple.product-type.bundle.unit-test";
		};
/* End PBXNativeTarget section */

/* Begin PBXProject section */
		8E0F66E11F051D4B00B60D80 /* Project object */ = {
			isa = PBXProject;
			attributes = {
				LastSwiftUpdateCheck = 0900;
				LastUpgradeCheck = 0900;
				ORGANIZATIONNAME = "Arthur Myronenko";
				TargetAttributes = {
					8E0F66E81F051D4B00B60D80 = {
						CreatedOnToolsVersion = 9.0;
					};
					8E0F66FC1F051D4C00B60D80 = {
						CreatedOnToolsVersion = 9.0;
						TestTargetID = 8E0F66E81F051D4B00B60D80;
					};
				};
			};
			buildConfigurationList = 8E0F66E41F051D4B00B60D80 /* Build configuration list for PBXProject "Coordinators-MVVM-Rx Example" */;
			compatibilityVersion = "Xcode 8.0";
			developmentRegion = en;
			hasScannedForEncodings = 0;
			knownRegions = (
				en,
				Base,
			);
			mainGroup = 8E0F66E01F051D4B00B60D80;
			productRefGroup = 8E0F66EA1F051D4B00B60D80 /* Products */;
			projectDirPath = "";
			projectRoot = "";
			targets = (
				8E0F66E81F051D4B00B60D80 /* Coordinators-MVVM-Rx Example */,
				8E0F66FC1F051D4C00B60D80 /* Coordinators-MVVM-Rx ExampleTests */,
			);
		};
/* End PBXProject section */

/* Begin PBXResourcesBuildPhase section */
		8E0F66E71F051D4B00B60D80 /* Resources */ = {
			isa = PBXResourcesBuildPhase;
			buildActionMask = 2147483647;
			files = (
				8E0F66F71F051D4B00B60D80 /* LaunchScreen.storyboard in Resources */,
				8E0F66F41F051D4B00B60D80 /* Assets.xcassets in Resources */,
				8E0F66F21F051D4B00B60D80 /* Main.storyboard in Resources */,
			);
			runOnlyForDeploymentPostprocessing = 0;
		};
		8E0F66FB1F051D4C00B60D80 /* Resources */ = {
			isa = PBXResourcesBuildPhase;
			buildActionMask = 2147483647;
			files = (
			);
			runOnlyForDeploymentPostprocessing = 0;
		};
/* End PBXResourcesBuildPhase section */

/* Begin PBXSourcesBuildPhase section */
		8E0F66E51F051D4B00B60D80 /* Sources */ = {
			isa = PBXSourcesBuildPhase;
			buildActionMask = 2147483647;
			files = (
				8E3DD8191F051F2E00170C36 /* AppCoordinator.swift in Sources */,
				8E3DD81C1F051F4800170C36 /* BaseCoordinator.swift in Sources */,
				8E3DD81E1F05248100170C36 /* GithubService.swift in Sources */,
				8E0F66ED1F051D4B00B60D80 /* AppDelegate.swift in Sources */,
			);
			runOnlyForDeploymentPostprocessing = 0;
		};
		8E0F66F91F051D4C00B60D80 /* Sources */ = {
			isa = PBXSourcesBuildPhase;
			buildActionMask = 2147483647;
			files = (
				8E0F67021F051D4C00B60D80 /* Coordinators_MVVM_Rx_ExampleTests.swift in Sources */,
			);
			runOnlyForDeploymentPostprocessing = 0;
		};
/* End PBXSourcesBuildPhase section */

/* Begin PBXTargetDependency section */
		8E0F66FF1F051D4C00B60D80 /* PBXTargetDependency */ = {
			isa = PBXTargetDependency;
			target = 8E0F66E81F051D4B00B60D80 /* Coordinators-MVVM-Rx Example */;
			targetProxy = 8E0F66FE1F051D4C00B60D80 /* PBXContainerItemProxy */;
		};
/* End PBXTargetDependency section */

/* Begin PBXVariantGroup section */
		8E0F66F01F051D4B00B60D80 /* Main.storyboard */ = {
			isa = PBXVariantGroup;
			children = (
				8E0F66F11F051D4B00B60D80 /* Base */,
			);
			name = Main.storyboard;
			path = ..;
			sourceTree = "<group>";
		};
		8E0F66F51F051D4B00B60D80 /* LaunchScreen.storyboard */ = {
			isa = PBXVariantGroup;
			children = (
				8E0F66F61F051D4B00B60D80 /* Base */,
			);
			name = LaunchScreen.storyboard;
			path = ..;
			sourceTree = "<group>";
		};
/* End PBXVariantGroup section */

/* Begin XCBuildConfiguration section */
		8E0F67041F051D4C00B60D80 /* Debug */ = {
			isa = XCBuildConfiguration;
			buildSettings = {
				ALWAYS_SEARCH_USER_PATHS = NO;
				CLANG_ANALYZER_NONNULL = YES;
				CLANG_ANALYZER_NUMBER_OBJECT_CONVERSION = YES_AGGRESSIVE;
				CLANG_CXX_LANGUAGE_STANDARD = "gnu++14";
				CLANG_CXX_LIBRARY = "libc++";
				CLANG_ENABLE_MODULES = YES;
				CLANG_ENABLE_OBJC_ARC = YES;
				CLANG_WARN_BLOCK_CAPTURE_AUTORELEASING = YES;
				CLANG_WARN_BOOL_CONVERSION = YES;
				CLANG_WARN_COMMA = YES;
				CLANG_WARN_CONSTANT_CONVERSION = YES;
				CLANG_WARN_DIRECT_OBJC_ISA_USAGE = YES_ERROR;
				CLANG_WARN_DOCUMENTATION_COMMENTS = YES;
				CLANG_WARN_EMPTY_BODY = YES;
				CLANG_WARN_ENUM_CONVERSION = YES;
				CLANG_WARN_INFINITE_RECURSION = YES;
				CLANG_WARN_INT_CONVERSION = YES;
				CLANG_WARN_OBJC_ROOT_CLASS = YES_ERROR;
				CLANG_WARN_RANGE_LOOP_ANALYSIS = YES;
				CLANG_WARN_STRICT_PROTOTYPES = YES;
				CLANG_WARN_SUSPICIOUS_MOVE = YES;
				CLANG_WARN_UNGUARDED_AVAILABILITY = YES_AGGRESSIVE;
				CLANG_WARN_UNREACHABLE_CODE = YES;
				CLANG_WARN__DUPLICATE_METHOD_MATCH = YES;
				CODE_SIGN_IDENTITY = "iPhone Developer";
				COPY_PHASE_STRIP = NO;
				DEBUG_INFORMATION_FORMAT = dwarf;
				ENABLE_STRICT_OBJC_MSGSEND = YES;
				ENABLE_TESTABILITY = YES;
				GCC_C_LANGUAGE_STANDARD = gnu11;
				GCC_DYNAMIC_NO_PIC = NO;
				GCC_NO_COMMON_BLOCKS = YES;
				GCC_OPTIMIZATION_LEVEL = 0;
				GCC_PREPROCESSOR_DEFINITIONS = (
					"DEBUG=1",
					"$(inherited)",
				);
				GCC_WARN_64_TO_32_BIT_CONVERSION = YES;
				GCC_WARN_ABOUT_RETURN_TYPE = YES_ERROR;
				GCC_WARN_UNDECLARED_SELECTOR = YES;
				GCC_WARN_UNINITIALIZED_AUTOS = YES_AGGRESSIVE;
				GCC_WARN_UNUSED_FUNCTION = YES;
				GCC_WARN_UNUSED_VARIABLE = YES;
				IPHONEOS_DEPLOYMENT_TARGET = 11.0;
				MTL_ENABLE_DEBUG_INFO = YES;
				ONLY_ACTIVE_ARCH = YES;
				SDKROOT = iphoneos;
				SWIFT_ACTIVE_COMPILATION_CONDITIONS = DEBUG;
				SWIFT_OPTIMIZATION_LEVEL = "-Onone";
			};
			name = Debug;
		};
		8E0F67051F051D4C00B60D80 /* Release */ = {
			isa = XCBuildConfiguration;
			buildSettings = {
				ALWAYS_SEARCH_USER_PATHS = NO;
				CLANG_ANALYZER_NONNULL = YES;
				CLANG_ANALYZER_NUMBER_OBJECT_CONVERSION = YES_AGGRESSIVE;
				CLANG_CXX_LANGUAGE_STANDARD = "gnu++14";
				CLANG_CXX_LIBRARY = "libc++";
				CLANG_ENABLE_MODULES = YES;
				CLANG_ENABLE_OBJC_ARC = YES;
				CLANG_WARN_BLOCK_CAPTURE_AUTORELEASING = YES;
				CLANG_WARN_BOOL_CONVERSION = YES;
				CLANG_WARN_COMMA = YES;
				CLANG_WARN_CONSTANT_CONVERSION = YES;
				CLANG_WARN_DIRECT_OBJC_ISA_USAGE = YES_ERROR;
				CLANG_WARN_DOCUMENTATION_COMMENTS = YES;
				CLANG_WARN_EMPTY_BODY = YES;
				CLANG_WARN_ENUM_CONVERSION = YES;
				CLANG_WARN_INFINITE_RECURSION = YES;
				CLANG_WARN_INT_CONVERSION = YES;
				CLANG_WARN_OBJC_ROOT_CLASS = YES_ERROR;
				CLANG_WARN_RANGE_LOOP_ANALYSIS = YES;
				CLANG_WARN_STRICT_PROTOTYPES = YES;
				CLANG_WARN_SUSPICIOUS_MOVE = YES;
				CLANG_WARN_UNGUARDED_AVAILABILITY = YES_AGGRESSIVE;
				CLANG_WARN_UNREACHABLE_CODE = YES;
				CLANG_WARN__DUPLICATE_METHOD_MATCH = YES;
				CODE_SIGN_IDENTITY = "iPhone Developer";
				COPY_PHASE_STRIP = NO;
				DEBUG_INFORMATION_FORMAT = "dwarf-with-dsym";
				ENABLE_NS_ASSERTIONS = NO;
				ENABLE_STRICT_OBJC_MSGSEND = YES;
				GCC_C_LANGUAGE_STANDARD = gnu11;
				GCC_NO_COMMON_BLOCKS = YES;
				GCC_WARN_64_TO_32_BIT_CONVERSION = YES;
				GCC_WARN_ABOUT_RETURN_TYPE = YES_ERROR;
				GCC_WARN_UNDECLARED_SELECTOR = YES;
				GCC_WARN_UNINITIALIZED_AUTOS = YES_AGGRESSIVE;
				GCC_WARN_UNUSED_FUNCTION = YES;
				GCC_WARN_UNUSED_VARIABLE = YES;
				IPHONEOS_DEPLOYMENT_TARGET = 11.0;
				MTL_ENABLE_DEBUG_INFO = NO;
				SDKROOT = iphoneos;
				SWIFT_OPTIMIZATION_LEVEL = "-Owholemodule";
				VALIDATE_PRODUCT = YES;
			};
			name = Release;
		};
		8E0F67071F051D4C00B60D80 /* Debug */ = {
			isa = XCBuildConfiguration;
			buildSettings = {
				ASSETCATALOG_COMPILER_APPICON_NAME = AppIcon;
				DEVELOPMENT_TEAM = E6856DRNEB;
				INFOPLIST_FILE = "$(SRCROOT)/Coordinators-MVVM-Rx Example/Resources/Info.plist";
				LD_RUNPATH_SEARCH_PATHS = "$(inherited) @executable_path/Frameworks";
				PRODUCT_BUNDLE_IDENTIFIER = "com.arthurmyronenko.Coordinators-MVVM-Rx-Example";
				PRODUCT_NAME = "$(TARGET_NAME)";
				SWIFT_VERSION = 4.0;
				TARGETED_DEVICE_FAMILY = "1,2";
			};
			name = Debug;
		};
		8E0F67081F051D4C00B60D80 /* Release */ = {
			isa = XCBuildConfiguration;
			buildSettings = {
				ASSETCATALOG_COMPILER_APPICON_NAME = AppIcon;
				DEVELOPMENT_TEAM = E6856DRNEB;
				INFOPLIST_FILE = "$(SRCROOT)/Coordinators-MVVM-Rx Example/Resources/Info.plist";
				LD_RUNPATH_SEARCH_PATHS = "$(inherited) @executable_path/Frameworks";
				PRODUCT_BUNDLE_IDENTIFIER = "com.arthurmyronenko.Coordinators-MVVM-Rx-Example";
				PRODUCT_NAME = "$(TARGET_NAME)";
				SWIFT_VERSION = 4.0;
				TARGETED_DEVICE_FAMILY = "1,2";
			};
			name = Release;
		};
		8E0F670A1F051D4C00B60D80 /* Debug */ = {
			isa = XCBuildConfiguration;
			buildSettings = {
				ALWAYS_EMBED_SWIFT_STANDARD_LIBRARIES = YES;
				BUNDLE_LOADER = "$(TEST_HOST)";
				DEVELOPMENT_TEAM = E6856DRNEB;
				INFOPLIST_FILE = "Coordinators-MVVM-Rx ExampleTests/Info.plist";
				LD_RUNPATH_SEARCH_PATHS = "$(inherited) @executable_path/Frameworks @loader_path/Frameworks";
				PRODUCT_BUNDLE_IDENTIFIER = "com.arthurmyronenko.Coordinators-MVVM-Rx-ExampleTests";
				PRODUCT_NAME = "$(TARGET_NAME)";
				SWIFT_VERSION = 4.0;
				TARGETED_DEVICE_FAMILY = "1,2";
				TEST_HOST = "$(BUILT_PRODUCTS_DIR)/Coordinators-MVVM-Rx Example.app/Coordinators-MVVM-Rx Example";
			};
			name = Debug;
		};
		8E0F670B1F051D4C00B60D80 /* Release */ = {
			isa = XCBuildConfiguration;
			buildSettings = {
				ALWAYS_EMBED_SWIFT_STANDARD_LIBRARIES = YES;
				BUNDLE_LOADER = "$(TEST_HOST)";
				DEVELOPMENT_TEAM = E6856DRNEB;
				INFOPLIST_FILE = "Coordinators-MVVM-Rx ExampleTests/Info.plist";
				LD_RUNPATH_SEARCH_PATHS = "$(inherited) @executable_path/Frameworks @loader_path/Frameworks";
				PRODUCT_BUNDLE_IDENTIFIER = "com.arthurmyronenko.Coordinators-MVVM-Rx-ExampleTests";
				PRODUCT_NAME = "$(TARGET_NAME)";
				SWIFT_VERSION = 4.0;
				TARGETED_DEVICE_FAMILY = "1,2";
				TEST_HOST = "$(BUILT_PRODUCTS_DIR)/Coordinators-MVVM-Rx Example.app/Coordinators-MVVM-Rx Example";
			};
			name = Release;
		};
/* End XCBuildConfiguration section */

/* Begin XCConfigurationList section */
		8E0F66E41F051D4B00B60D80 /* Build configuration list for PBXProject "Coordinators-MVVM-Rx Example" */ = {
			isa = XCConfigurationList;
			buildConfigurations = (
				8E0F67041F051D4C00B60D80 /* Debug */,
				8E0F67051F051D4C00B60D80 /* Release */,
			);
			defaultConfigurationIsVisible = 0;
			defaultConfigurationName = Release;
		};
		8E0F67061F051D4C00B60D80 /* Build configuration list for PBXNativeTarget "Coordinators-MVVM-Rx Example" */ = {
			isa = XCConfigurationList;
			buildConfigurations = (
				8E0F67071F051D4C00B60D80 /* Debug */,
				8E0F67081F051D4C00B60D80 /* Release */,
			);
			defaultConfigurationIsVisible = 0;
			defaultConfigurationName = Release;
		};
		8E0F67091F051D4C00B60D80 /* Build configuration list for PBXNativeTarget "Coordinators-MVVM-Rx ExampleTests" */ = {
			isa = XCConfigurationList;
			buildConfigurations = (
				8E0F670A1F051D4C00B60D80 /* Debug */,
				8E0F670B1F051D4C00B60D80 /* Release */,
			);
			defaultConfigurationIsVisible = 0;
			defaultConfigurationName = Release;
		};
/* End XCConfigurationList section */
	};
	rootObject = 8E0F66E11F051D4B00B60D80 /* Project object */;
}
